
Microsoft Visual Studio Solution File, Format Version 12.00
# Visual Studio Version 17
VisualStudioVersion = 17.14.37314.3 d17.14
MinimumVisualStudioVersion = 10.0.40219.1
Project("{FAE04EC0-301F-11D3-BF4B-00C04F79EFBC}") = "WpfApp931", "WpfApp931\WpfApp931.csproj", "{E49B146F-A568-4777-9021-5C476D52C322}"
EndProject
Global
	GlobalSection(SolutionConfigurationPlatforms) = preSolution
		Debug|Any CPU = Debug|Any CPU
		Release|Any CPU = Release|Any CPU
	EndGlobalSection
	GlobalSection(ProjectConfigurationPlatforms) = postSolution
		{E49B146F-A568-4777-9021-5C476D52C322}.Debug|Any CPU.ActiveCfg = Debug|Any CPU
		{E49B146F-A568-4777-9021-5C476D52C322}.Debug|Any CPU.Build.0 = Debug|Any CPU
		{E49B146F-A568-4777-9021-5C476D52C322}.Release|Any CPU.ActiveCfg = Release|Any CPU
		{E49B146F-A568-4777-9021-5C476D52C322}.Release|Any CPU.Build.0 = Release|Any CPU
	EndGlobalSection
	GlobalSection(SolutionProperties) = preSolution
		HideSolutionNode = FALSE
	EndGlobalSection
	GlobalSection(ExtensibilityGlobals) = postSolution
		SolutionGuid = {645E8A4E-EC25-4ADD-B7F6-2FB3D33E748E}
	EndGlobalSection
EndGlobal
